{
  "name": "Visualize",
  "lockfileVersion": 3,
  "requires": true,
  "packages": {
    "": {
      "dependencies": {
        "traci": "^3.0.0",
        "ws": "^8.20.0"
      }
    },
    "node_modules/opentracing": {
      "version": "0.14.7",
      "resolved": "https://registry.npmjs.org/opentracing/-/opentracing-0.14.7.tgz",
      "integrity": "sha512-vz9iS7MJ5+Bp1URw8Khvdyw1H/hGvzHWlKQ7eRrQojSCDL1/SrWfrY9QebLw97n2deyRtzHRC3MkQfVNUCo91Q==",
      "license": "Apache-2.0",
      "engines": {
        "node": ">=0.10"
      }
    },
    "node_modules/reach": {
      "version": "1.0.1",
      "resolved": "https://registry.npmjs.org/reach/-/reach-1.0.1.tgz",
      "integrity": "sha512-TyINp42lj7idWA7/twiZhpokruUPpj6YS1HJ0hDt8L+9upXtK0knjlC2bZigQyg2/okcHJl35Ngxw6ydougFjg==",
      "license": "MIT",
      "engines": {
        "node": ">=4.0.0"
      }
    },
    "node_modules/traci": {
      "version": "3.0.0",
      "resolved": "https://registry.npmjs.org/traci/-/traci-3.0.0.tgz",
      "integrity": "sha512-MCsLVuWkvHmBTqkZPuWbYbTetfcrZ7jEbHbKExcBE/R48QFADC5EuLqTwx5LDkF3dH/XVG3RThu/FcK5ZORJlw==",
      "license": "MPL-2.0",
      "dependencies": {
        "opentracing": "0.14.x",
        "reach": "1.0.x"
      }
    },
    "node_modules/ws": {
      "version": "8.20.0",
      "resolved": "https://registry.npmjs.org/ws/-/ws-8.20.0.tgz",
      "integrity": "sha512-sAt8BhgNbzCtgGbt2OxmpuryO63ZoDk/sqaB/znQm94T4fCEsy/yV+7CdC1kJhOU9lboAEU7R3kquuycDoibVA==",
      "license": "MIT",
      "engines": {
        "node": ">=10.0.0"
      },
      "peerDependencies": {
        "bufferutil": "^4.0.1",
        "utf-8-validate": ">=5.0.2"
      },
      "peerDependenciesMeta": {
        "bufferutil": {
          "optional": true
        },
        "utf-8-validate": {
          "optional": true
        }
      }
    }
  }
}
